
Microsoft Visual Studio Solution File, Format Version 12.00
Project("{FAE04EC0-301F-11D3-BF4B-00C04F79EFBC}") = "Sadie.Enums", "Sadie.Enums\Sadie.Enums.csproj", "{E3F8EC3D-0257-4895-8217-998D24DBD44A}"
EndProject
Global
	GlobalSection(SolutionConfigurationPlatforms) = preSolution
		Debug|Any CPU = Debug|Any CPU
		Release|Any CPU = Release|Any CPU
	EndGlobalSection
	GlobalSection(ProjectConfigurationPlatforms) = postSolution
		{E3F8EC3D-0257-4895-8217-998D24DBD44A}.Debug|Any CPU.ActiveCfg = Debug|Any CPU
		{E3F8EC3D-0257-4895-8217-998D24DBD44A}.Debug|Any CPU.Build.0 = Debug|Any CPU
		{E3F8EC3D-0257-4895-8217-998D24DBD44A}.Release|Any CPU.ActiveCfg = Release|Any CPU
		{E3F8EC3D-0257-4895-8217-998D24DBD44A}.Release|Any CPU.Build.0 = Release|Any CPU
	EndGlobalSection
EndGlobal
